{
  "name": "028-English-App-v2",
  "lockfileVersion": 3,
  "requires": true,
  "packages": {
    "": {
      "devDependencies": {
        "supabase": "^2.105.0"
      }
    },
    "node_modules/@supabase/cli-darwin-arm64": {
      "version": "2.107.0",
      "resolved": "https://registry.npmjs.org/@supabase/cli-darwin-arm64/-/cli-darwin-arm64-2.107.0.tgz",
      "integrity": "sha512-930MojHei14+PrGNF0QzlPJAjOYilCofgO9aTtKiQ6x36ZUI7dc4ujl5VzccC/19ex/f4ird0lH1d2U92MwDqQ==",
      "cpu": [
        "arm64"
      ],
      "dev": true,
      "license": "MIT",
      "optional": true,
      "os": [
        "darwin"
      ]
    },
    "node_modules/@supabase/cli-darwin-x64": {
      "version": "2.107.0",
      "resolved": "https://registry.npmjs.org/@supabase/cli-darwin-x64/-/cli-darwin-x64-2.107.0.tgz",
      "integrity": "sha512-qcnichkHiCCNybtCqoeqYO6q8WuTxilaah18QilZskEM+zCSdV5rOXXfeF1BPexRxsvGYbghZ+fEQfWp7+lOUQ==",
      "cpu": [
        "x64"
      ],
      "dev": true,
      "license": "MIT",
      "optional": true,
      "os": [
        "darwin"
      ]
    },
    "node_modules/@supabase/cli-linux-arm64": {
      "version": "2.107.0",
      "resolved": "https://registry.npmjs.org/@supabase/cli-linux-arm64/-/cli-linux-arm64-2.107.0.tgz",
      "integrity": "sha512-an0dsOhPcLQXZ0sFEBm6NU1HFUjXCStHxetfJvgt4u7SiH/EyDMLfDvV7W9ef56bgG+3hoWHtih2Kplj3cecQA==",
      "cpu": [
        "arm64"
      ],
      "dev": true,
      "libc": [
        "glibc"
      ],
      "license": "MIT",
      "optional": true,
      "os": [
        "linux"
      ]
    },
    "node_modules/@supabase/cli-linux-arm64-musl": {
      "version": "2.107.0",
      "resolved": "https://registry.npmjs.org/@supabase/cli-linux-arm64-musl/-/cli-linux-arm64-musl-2.107.0.tgz",
      "integrity": "sha512-5se1bYRIzivL+ehImnwFjBpzKZ+AwLS6/cBg6lvJOJdWatuaK9Edu6wOZAmPjVMy4vZRJ27tdL+3F7N+Vk64AA==",
      "cpu": [
        "arm64"
      ],
      "dev": true,
      "libc": [
        "musl"
      ],
      "license": "MIT",
      "optional": true,
      "os": [
        "linux"
      ]
    },
    "node_modules/@supabase/cli-linux-x64": {
      "version": "2.107.0",
      "resolved": "https://registry.npmjs.org/@supabase/cli-linux-x64/-/cli-linux-x64-2.107.0.tgz",
      "integrity": "sha512-8ttnpfBFEXk0JFmH6gw8ZCVcMa/UNH1sD6iG9PQLbK2eXdZ6kDIzGs5g+CEvxZ3j6HxEIYn9h9rfxoqGoBUgwA==",
      "cpu": [
        "x64"
      ],
      "dev": true,
      "libc": [
        "glibc"
      ],
      "license": "MIT",
      "optional": true,
      "os": [
        "linux"
      ]
    },
    "node_modules/@supabase/cli-linux-x64-musl": {
      "version": "2.107.0",
      "resolved": "https://registry.npmjs.org/@supabase/cli-linux-x64-musl/-/cli-linux-x64-musl-2.107.0.tgz",
      "integrity": "sha512-gXDzvDsmmJw9HbeVRFD6xboGwbu/cpBp84ZESEcXKyB8Onvs3igWKwoXMofx+ppFM1EaZb/flTwJ77b19EMD1A==",
      "cpu": [
        "x64"
      ],
      "dev": true,
      "libc": [
        "musl"
      ],
      "license": "MIT",
      "optional": true,
      "os": [
        "linux"
      ]
    },
    "node_modules/@supabase/cli-windows-arm64": {
      "version": "2.107.0",
      "resolved": "https://registry.npmjs.org/@supabase/cli-windows-arm64/-/cli-windows-arm64-2.107.0.tgz",
      "integrity": "sha512-V/4q5dbDgBQXhDAJaHamTm9u/kY2UJ4nNibVKOYMaLh9q7H74b8unteJ+rYHSwWZy0EIT8DTDryGP6xatKQicw==",
      "cpu": [
        "arm64"
      ],
      "dev": true,
      "license": "MIT",
      "optional": true,
      "os": [
        "win32"
      ]
    },
    "node_modules/@supabase/cli-windows-x64": {
      "version": "2.107.0",
      "resolved": "https://registry.npmjs.org/@supabase/cli-windows-x64/-/cli-windows-x64-2.107.0.tgz",
      "integrity": "sha512-ciDDFUGHt6bFjtVD00cojFhB5oscZAyjPo2vg94RGUeKHXx1zo/UzfMvUlCA32y5b5KONZ4TKStCHhlFK7Clrw==",
      "cpu": [
        "x64"
      ],
      "dev": true,
      "license": "MIT",
      "optional": true,
      "os": [
        "win32"
      ]
    },
    "node_modules/supabase": {
      "version": "2.107.0",
      "resolved": "https://registry.npmjs.org/supabase/-/supabase-2.107.0.tgz",
      "integrity": "sha512-qYAbm3D//buhnY5v4L//IrBQhowN2Jd2kx16hNyOfu0+TVuWVIR1L5WsS/YOk+UJh3Ch5ABmqKebWpwn1p0ysg==",
      "dev": true,
      "license": "MIT",
      "bin": {
        "supabase": "dist/supabase.js"
      },
      "optionalDependencies": {
        "@supabase/cli-darwin-arm64": "2.107.0",
        "@supabase/cli-darwin-x64": "2.107.0",
        "@supabase/cli-linux-arm64": "2.107.0",
        "@supabase/cli-linux-arm64-musl": "2.107.0",
        "@supabase/cli-linux-x64": "2.107.0",
        "@supabase/cli-linux-x64-musl": "2.107.0",
        "@supabase/cli-windows-arm64": "2.107.0",
        "@supabase/cli-windows-x64": "2.107.0"
      }
    }
  }
}
